
Microsoft Visual Studio Solution File, Format Version 12.00
# Visual Studio Version 16
VisualStudioVersion = 16.0.30523.141
MinimumVisualStudioVersion = 10.0.40219.1
Project("{9A19103F-16F7-4668-BE54-9A1E7A4F7556}") = "Middleware.Api", "Middleware.Api\Middleware.Api.csproj", "{C8A630BD-5BC8-4779-B3F9-594F12DEBB93}"
EndProject
Project("{9A19103F-16F7-4668-BE54-9A1E7A4F7556}") = "Middleware.Data.Access", "Middleware.Data.Access\Middleware.Data.Access.csproj", "{441F3B61-1521-4ED2-B92F-F937A18D51FC}"
EndProject
Project("{9A19103F-16F7-4668-BE54-9A1E7A4F7556}") = "Middleware.Data", "Middleware.Data\Middleware.Data.csproj", "{D34F7A3F-475A-4D34-A0EF-CF61AD172448}"
EndProject
Project("{9A19103F-16F7-4668-BE54-9A1E7A4F7556}") = "Middleware.Client", "Middleware.Client\Middleware.Client.csproj", "{DF996D7D-E286-4864-8637-301733D3860A}"
EndProject
Global
	GlobalSection(SolutionConfigurationPlatforms) = preSolution
		Debug|Any CPU = Debug|Any CPU
		Release|Any CPU = Release|Any CPU
	EndGlobalSection
	GlobalSection(ProjectConfigurationPlatforms) = postSolution
		{C8A630BD-5BC8-4779-B3F9-594F12DEBB93}.Debug|Any CPU.ActiveCfg = Debug|Any CPU
		{C8A630BD-5BC8-4779-B3F9-594F12DEBB93}.Debug|Any CPU.Build.0 = Debug|Any CPU
		{C8A630BD-5BC8-4779-B3F9-594F12DEBB93}.Release|Any CPU.ActiveCfg = Release|Any CPU
		{C8A630BD-5BC8-4779-B3F9-594F12DEBB93}.Release|Any CPU.Build.0 = Release|Any CPU
		{441F3B61-1521-4ED2-B92F-F937A18D51FC}.Debug|Any CPU.ActiveCfg = Debug|Any CPU
		{441F3B61-1521-4ED2-B92F-F937A18D51FC}.Debug|Any CPU.Build.0 = Debug|Any CPU
		{441F3B61-1521-4ED2-B92F-F937A18D51FC}.Release|Any CPU.ActiveCfg = Release|Any CPU
		{441F3B61-1521-4ED2-B92F-F937A18D51FC}.Release|Any CPU.Build.0 = Release|Any CPU
		{D34F7A3F-475A-4D34-A0EF-CF61AD172448}.Debug|Any CPU.ActiveCfg = Debug|Any CPU
		{D34F7A3F-475A-4D34-A0EF-CF61AD172448}.Debug|Any CPU.Build.0 = Debug|Any CPU
		{D34F7A3F-475A-4D34-A0EF-CF61AD172448}.Release|Any CPU.ActiveCfg = Release|Any CPU
		{D34F7A3F-475A-4D34-A0EF-CF61AD172448}.Release|Any CPU.Build.0 = Release|Any CPU
		{DF996D7D-E286-4864-8637-301733D3860A}.Debug|Any CPU.ActiveCfg = Debug|Any CPU
		{DF996D7D-E286-4864-8637-301733D3860A}.Debug|Any CPU.Build.0 = Debug|Any CPU
		{DF996D7D-E286-4864-8637-301733D3860A}.Release|Any CPU.ActiveCfg = Release|Any CPU
		{DF996D7D-E286-4864-8637-301733D3860A}.Release|Any CPU.Build.0 = Release|Any CPU
	EndGlobalSection
	GlobalSection(SolutionProperties) = preSolution
		HideSolutionNode = FALSE
	EndGlobalSection
	GlobalSection(ExtensibilityGlobals) = postSolution
		SolutionGuid = {6FB0F589-4A4E-429E-B196-F4AE65C7F6FA}
	EndGlobalSection
EndGlobal
